
Microsoft Visual Studio Solution File, Format Version 12.00
# Visual Studio Version 17
VisualStudioVersion = 17.9.34723.18
MinimumVisualStudioVersion = 10.0.40219.1
Project("{FAE04EC0-301F-11D3-BF4B-00C04F79EFBC}") = "MyLibrary", "MyLibrary\MyLibrary.csproj", "{5DFD3CE7-8C6D-4144-BA0E-BF23AAEFC893}"
EndProject
Project("{FAE04EC0-301F-11D3-BF4B-00C04F79EFBC}") = "Models", "Models\Models.csproj", "{2842A98E-B90B-4E2C-BB8A-B00D35A14BB5}"
EndProject
Project("{FAE04EC0-301F-11D3-BF4B-00C04F79EFBC}") = "Application", "Application\Application.csproj", "{6093D735-779C-4A8D-8737-4FEDA954500A}"
EndProject
Global
	GlobalSection(SolutionConfigurationPlatforms) = preSolution
		Debug|Any CPU = Debug|Any CPU
		Release|Any CPU = Release|Any CPU
	EndGlobalSection
	GlobalSection(ProjectConfigurationPlatforms) = postSolution
		{5DFD3CE7-8C6D-4144-BA0E-BF23AAEFC893}.Debug|Any CPU.ActiveCfg = Debug|Any CPU
		{5DFD3CE7-8C6D-4144-BA0E-BF23AAEFC893}.Debug|Any CPU.Build.0 = Debug|Any CPU
		{5DFD3CE7-8C6D-4144-BA0E-BF23AAEFC893}.Release|Any CPU.ActiveCfg = Release|Any CPU
		{5DFD3CE7-8C6D-4144-BA0E-BF23AAEFC893}.Release|Any CPU.Build.0 = Release|Any CPU
		{2842A98E-B90B-4E2C-BB8A-B00D35A14BB5}.Debug|Any CPU.ActiveCfg = Debug|Any CPU
		{2842A98E-B90B-4E2C-BB8A-B00D35A14BB5}.Debug|Any CPU.Build.0 = Debug|Any CPU
		{2842A98E-B90B-4E2C-BB8A-B00D35A14BB5}.Release|Any CPU.ActiveCfg = Release|Any CPU
		{2842A98E-B90B-4E2C-BB8A-B00D35A14BB5}.Release|Any CPU.Build.0 = Release|Any CPU
		{6093D735-779C-4A8D-8737-4FEDA954500A}.Debug|Any CPU.ActiveCfg = Debug|Any CPU
		{6093D735-779C-4A8D-8737-4FEDA954500A}.Debug|Any CPU.Build.0 = Debug|Any CPU
		{6093D735-779C-4A8D-8737-4FEDA954500A}.Release|Any CPU.ActiveCfg = Release|Any CPU
		{6093D735-779C-4A8D-8737-4FEDA954500A}.Release|Any CPU.Build.0 = Release|Any CPU
	EndGlobalSection
	GlobalSection(SolutionProperties) = preSolution
		HideSolutionNode = FALSE
	EndGlobalSection
	GlobalSection(ExtensibilityGlobals) = postSolution
		SolutionGuid = {E73FF8F0-5409-4855-B235-B5C49DC5068B}
	EndGlobalSection
EndGlobal
